
Microsoft Visual Studio Solution File, Format Version 12.00
# Visual Studio Version 17
VisualStudioVersion = 17.9.34607.119
MinimumVisualStudioVersion = 10.0.40219.1
Project("{FAE04EC0-301F-11D3-BF4B-00C04F79EFBC}") = "Portfolio.Server", "Portfolio.Server\Portfolio.Server.csproj", "{4EA973A1-340B-4C28-ADD9-751263CC5B66}"
EndProject
Project("{54A90642-561A-4BB1-A94E-469ADEE60C69}") = "portfolio.client", "portfolio.client\portfolio.client.esproj", "{EC51D453-78EC-443E-A77F-1B7DC2251EE4}"
EndProject
Global
	GlobalSection(SolutionConfigurationPlatforms) = preSolution
		Debug|Any CPU = Debug|Any CPU
		Release|Any CPU = Release|Any CPU
	EndGlobalSection
	GlobalSection(ProjectConfigurationPlatforms) = postSolution
		{4EA973A1-340B-4C28-ADD9-751263CC5B66}.Debug|Any CPU.ActiveCfg = Debug|Any CPU
		{4EA973A1-340B-4C28-ADD9-751263CC5B66}.Debug|Any CPU.Build.0 = Debug|Any CPU
		{4EA973A1-340B-4C28-ADD9-751263CC5B66}.Release|Any CPU.ActiveCfg = Release|Any CPU
		{4EA973A1-340B-4C28-ADD9-751263CC5B66}.Release|Any CPU.Build.0 = Release|Any CPU
		{EC51D453-78EC-443E-A77F-1B7DC2251EE4}.Debug|Any CPU.ActiveCfg = Debug|Any CPU
		{EC51D453-78EC-443E-A77F-1B7DC2251EE4}.Debug|Any CPU.Build.0 = Debug|Any CPU
		{EC51D453-78EC-443E-A77F-1B7DC2251EE4}.Debug|Any CPU.Deploy.0 = Debug|Any CPU
		{EC51D453-78EC-443E-A77F-1B7DC2251EE4}.Release|Any CPU.ActiveCfg = Release|Any CPU
		{EC51D453-78EC-443E-A77F-1B7DC2251EE4}.Release|Any CPU.Build.0 = Release|Any CPU
		{EC51D453-78EC-443E-A77F-1B7DC2251EE4}.Release|Any CPU.Deploy.0 = Release|Any CPU
	EndGlobalSection
	GlobalSection(SolutionProperties) = preSolution
		HideSolutionNode = FALSE
	EndGlobalSection
	GlobalSection(ExtensibilityGlobals) = postSolution
		SolutionGuid = {92E54F1A-F730-447E-9827-41FF4AC40DC1}
	EndGlobalSection
EndGlobal
